
Microsoft Visual Studio Solution File, Format Version 12.00
# Visual Studio Version 17
VisualStudioVersion = 17.4.33205.214
MinimumVisualStudioVersion = 10.0.40219.1
Project("{FAE04EC0-301F-11D3-BF4B-00C04F79EFBC}") = "DontetApp0315", "DontetApp0315.csproj", "{2CAA4DB5-4B34-4EBA-A7CF-5B506A0C91EF}"
EndProject
Global
	GlobalSection(SolutionConfigurationPlatforms) = preSolution
		Debug|Any CPU = Debug|Any CPU
		Release|Any CPU = Release|Any CPU
	EndGlobalSection
	GlobalSection(ProjectConfigurationPlatforms) = postSolution
		{2CAA4DB5-4B34-4EBA-A7CF-5B506A0C91EF}.Debug|Any CPU.ActiveCfg = Debug|Any CPU
		{2CAA4DB5-4B34-4EBA-A7CF-5B506A0C91EF}.Debug|Any CPU.Build.0 = Debug|Any CPU
		{2CAA4DB5-4B34-4EBA-A7CF-5B506A0C91EF}.Release|Any CPU.ActiveCfg = Release|Any CPU
		{2CAA4DB5-4B34-4EBA-A7CF-5B506A0C91EF}.Release|Any CPU.Build.0 = Release|Any CPU
	EndGlobalSection
	GlobalSection(SolutionProperties) = preSolution
		HideSolutionNode = FALSE
	EndGlobalSection
	GlobalSection(ExtensibilityGlobals) = postSolution
		SolutionGuid = {2F4EAEE4-AC31-414C-AB2A-BC72E3F7E0F9}
	EndGlobalSection
EndGlobal
